
Microsoft Visual Studio Solution File, Format Version 12.00
# Visual Studio Version 17
VisualStudioVersion = 17.6.33829.357
MinimumVisualStudioVersion = 10.0.40219.1
Project("{FAE04EC0-301F-11D3-BF4B-00C04F79EFBC}") = "StaffTrack", "StaffTrack\StaffTrack.csproj", "{1E88A04F-6658-4B32-9386-4F1D07B0FD78}"
EndProject
Global
	GlobalSection(SolutionConfigurationPlatforms) = preSolution
		Debug|Any CPU = Debug|Any CPU
		Release|Any CPU = Release|Any CPU
	EndGlobalSection
	GlobalSection(ProjectConfigurationPlatforms) = postSolution
		{1E88A04F-6658-4B32-9386-4F1D07B0FD78}.Debug|Any CPU.ActiveCfg = Debug|Any CPU
		{1E88A04F-6658-4B32-9386-4F1D07B0FD78}.Debug|Any CPU.Build.0 = Debug|Any CPU
		{1E88A04F-6658-4B32-9386-4F1D07B0FD78}.Release|Any CPU.ActiveCfg = Release|Any CPU
		{1E88A04F-6658-4B32-9386-4F1D07B0FD78}.Release|Any CPU.Build.0 = Release|Any CPU
	EndGlobalSection
	GlobalSection(SolutionProperties) = preSolution
		HideSolutionNode = FALSE
	EndGlobalSection
	GlobalSection(ExtensibilityGlobals) = postSolution
		SolutionGuid = {4320F9E3-1818-4F12-899F-76AB9E4FB9AB}
	EndGlobalSection
EndGlobal
